
Microsoft Visual Studio Solution File, Format Version 12.00
# Visual Studio Version 17
VisualStudioVersion = 17.14.36221.1
MinimumVisualStudioVersion = 10.0.40219.1
Project("{54A90642-561A-4BB1-A94E-469ADEE60C69}") = "schoolmanagementsystem.client", "schoolmanagementsystem.client\schoolmanagementsystem.client.esproj", "{C7FE23C7-DEBD-0089-F487-7BF48A9420A9}"
EndProject
Project("{FAE04EC0-301F-11D3-BF4B-00C04F79EFBC}") = "SchoolManagementSystem.Server", "SchoolManagementSystem.Server\SchoolManagementSystem.Server.csproj", "{81E95763-7C72-4AA0-8E10-0CBD58C06F86}"
EndProject
Project("{2150E333-8FDC-42A3-9474-1A3956D46DE8}") = "SchoolManagementSystem.Application", "SchoolManagementSystem.Application", "{02EA681E-C7D8-13C7-8484-4AC65E1B71E8}"
EndProject
Project("{2150E333-8FDC-42A3-9474-1A3956D46DE8}") = "Interfaces", "Interfaces", "{2D2B52FD-BDEF-466B-A227-62169FDA0ACA}"
EndProject
Project("{2150E333-8FDC-42A3-9474-1A3956D46DE8}") = "DTOs", "DTOs", "{AE27299E-17CD-4A91-A161-0CC69ACA7D1E}"
EndProject
Project("{2150E333-8FDC-42A3-9474-1A3956D46DE8}") = "ViewModels", "ViewModels", "{99F32582-E23D-4705-B651-E0A9ACA4558D}"
EndProject
Project("{2150E333-8FDC-42A3-9474-1A3956D46DE8}") = "Services", "Services", "{D74C05D6-618F-4568-B355-6A98BA5D579E}"
EndProject
Project("{2150E333-8FDC-42A3-9474-1A3956D46DE8}") = "SchoolManagementSystem.Domain", "SchoolManagementSystem.Domain", "{5A102A13-A229-4508-BFDF-F9C20BB8DF4E}"
EndProject
Project("{2150E333-8FDC-42A3-9474-1A3956D46DE8}") = "Entities", "Entities", "{FA52E9FF-76F9-4E6C-B92A-2D2AE85CCF59}"
EndProject
Project("{2150E333-8FDC-42A3-9474-1A3956D46DE8}") = "Enums", "Enums", "{107791D5-3F87-4DB7-9288-8EED252207C9}"
EndProject
Project("{2150E333-8FDC-42A3-9474-1A3956D46DE8}") = "Interfaces", "Interfaces", "{1E9935ED-CA55-41C0-A1E7-DE3F9D77D27D}"
EndProject
Project("{2150E333-8FDC-42A3-9474-1A3956D46DE8}") = "Common", "Common", "{AA12869A-393B-4E66-8CC9-73A5F3811C8D}"
EndProject
Project("{2150E333-8FDC-42A3-9474-1A3956D46DE8}") = "SchoolManagementSystem.Infrastructure", "SchoolManagementSystem.Infrastructure", "{917944D7-8E90-44C6-8828-E208BA99D2B8}"
EndProject
Project("{2150E333-8FDC-42A3-9474-1A3956D46DE8}") = "Identity", "Identity", "{670AB2D4-CCA1-4A4A-9429-72AF3A8BB312}"
EndProject
Project("{2150E333-8FDC-42A3-9474-1A3956D46DE8}") = "Services", "Services", "{B339E067-4A9F-466F-BFD2-F8BD57AC1471}"
EndProject
Project("{2150E333-8FDC-42A3-9474-1A3956D46DE8}") = "Configurations", "Configurations", "{B0988824-DB3C-44B8-ADFD-712C62A5A85D}"
EndProject
Project("{2150E333-8FDC-42A3-9474-1A3956D46DE8}") = "SchoolManagementSystem.Persistence", "SchoolManagementSystem.Persistence", "{E3FF28A5-4982-493E-9B79-55D08C25B6A0}"
EndProject
Project("{2150E333-8FDC-42A3-9474-1A3956D46DE8}") = "Context", "Context", "{27A8B00F-A78A-42A6-B698-5E4501A65E63}"
EndProject
Project("{2150E333-8FDC-42A3-9474-1A3956D46DE8}") = "Migrations", "Migrations", "{E0B739F0-F9C3-45F4-96F4-8AD9C1008F22}"
EndProject
Project("{2150E333-8FDC-42A3-9474-1A3956D46DE8}") = "Repository", "Repository", "{D00DD8B3-5A70-4BE7-A10A-C70E0BFCB0D5}"
EndProject
Project("{2150E333-8FDC-42A3-9474-1A3956D46DE8}") = "Seed", "Seed", "{334AB724-DF1A-4DF1-9DFA-DF43333EF30A}"
EndProject
Global
	GlobalSection(SolutionConfigurationPlatforms) = preSolution
		Debug|Any CPU = Debug|Any CPU
		Release|Any CPU = Release|Any CPU
	EndGlobalSection
	GlobalSection(ProjectConfigurationPlatforms) = postSolution
		{C7FE23C7-DEBD-0089-F487-7BF48A9420A9}.Debug|Any CPU.ActiveCfg = Debug|Any CPU
		{C7FE23C7-DEBD-0089-F487-7BF48A9420A9}.Debug|Any CPU.Build.0 = Debug|Any CPU
		{C7FE23C7-DEBD-0089-F487-7BF48A9420A9}.Debug|Any CPU.Deploy.0 = Debug|Any CPU
		{C7FE23C7-DEBD-0089-F487-7BF48A9420A9}.Release|Any CPU.ActiveCfg = Release|Any CPU
		{C7FE23C7-DEBD-0089-F487-7BF48A9420A9}.Release|Any CPU.Build.0 = Release|Any CPU
		{C7FE23C7-DEBD-0089-F487-7BF48A9420A9}.Release|Any CPU.Deploy.0 = Release|Any CPU
		{81E95763-7C72-4AA0-8E10-0CBD58C06F86}.Debug|Any CPU.ActiveCfg = Debug|Any CPU
		{81E95763-7C72-4AA0-8E10-0CBD58C06F86}.Debug|Any CPU.Build.0 = Debug|Any CPU
		{81E95763-7C72-4AA0-8E10-0CBD58C06F86}.Release|Any CPU.ActiveCfg = Release|Any CPU
		{81E95763-7C72-4AA0-8E10-0CBD58C06F86}.Release|Any CPU.Build.0 = Release|Any CPU
	EndGlobalSection
	GlobalSection(SolutionProperties) = preSolution
		HideSolutionNode = FALSE
	EndGlobalSection
	GlobalSection(NestedProjects) = preSolution
		{2D2B52FD-BDEF-466B-A227-62169FDA0ACA} = {02EA681E-C7D8-13C7-8484-4AC65E1B71E8}
		{AE27299E-17CD-4A91-A161-0CC69ACA7D1E} = {02EA681E-C7D8-13C7-8484-4AC65E1B71E8}
		{99F32582-E23D-4705-B651-E0A9ACA4558D} = {02EA681E-C7D8-13C7-8484-4AC65E1B71E8}
		{D74C05D6-618F-4568-B355-6A98BA5D579E} = {02EA681E-C7D8-13C7-8484-4AC65E1B71E8}
		{FA52E9FF-76F9-4E6C-B92A-2D2AE85CCF59} = {5A102A13-A229-4508-BFDF-F9C20BB8DF4E}
		{107791D5-3F87-4DB7-9288-8EED252207C9} = {5A102A13-A229-4508-BFDF-F9C20BB8DF4E}
		{1E9935ED-CA55-41C0-A1E7-DE3F9D77D27D} = {5A102A13-A229-4508-BFDF-F9C20BB8DF4E}
		{AA12869A-393B-4E66-8CC9-73A5F3811C8D} = {5A102A13-A229-4508-BFDF-F9C20BB8DF4E}
		{670AB2D4-CCA1-4A4A-9429-72AF3A8BB312} = {917944D7-8E90-44C6-8828-E208BA99D2B8}
		{B339E067-4A9F-466F-BFD2-F8BD57AC1471} = {917944D7-8E90-44C6-8828-E208BA99D2B8}
		{B0988824-DB3C-44B8-ADFD-712C62A5A85D} = {917944D7-8E90-44C6-8828-E208BA99D2B8}
		{27A8B00F-A78A-42A6-B698-5E4501A65E63} = {E3FF28A5-4982-493E-9B79-55D08C25B6A0}
		{E0B739F0-F9C3-45F4-96F4-8AD9C1008F22} = {E3FF28A5-4982-493E-9B79-55D08C25B6A0}
		{D00DD8B3-5A70-4BE7-A10A-C70E0BFCB0D5} = {E3FF28A5-4982-493E-9B79-55D08C25B6A0}
		{334AB724-DF1A-4DF1-9DFA-DF43333EF30A} = {E3FF28A5-4982-493E-9B79-55D08C25B6A0}
	EndGlobalSection
	GlobalSection(ExtensibilityGlobals) = postSolution
		SolutionGuid = {4382D6EF-0090-4250-A767-38A87AEACB73}
	EndGlobalSection
EndGlobal
